
Microsoft Visual Studio Solution File, Format Version 9.00
# Visual Studio 2005
Project("{8BC9CEB8-8B4A-11D0-8D11-00A0C91BC942}") = "Tetris", "Tetris\Tetris_vs80.vcproj", "{EBBA3339-F507-4834-90DC-73B021DAA199}"
EndProject
Project("{8BC9CEB8-8B4A-11D0-8D11-00A0C91BC942}") = "PocoXML", "3rdParty\Poco_1_3_6_p2\XML\XML_vs80.vcproj", "{9E211743-85FE-4977-82F3-4F04B40C912D}"
EndProject
Project("{8BC9CEB8-8B4A-11D0-8D11-00A0C91BC942}") = "PocoFoundation", "3rdParty\Poco_1_3_6_p2\Foundation\Foundation_vs80.vcproj", "{8164D41D-B053-405B-826C-CF37AC0EF176}"
EndProject
Project("{8BC9CEB8-8B4A-11D0-8D11-00A0C91BC942}") = "XULWin", "XULWin\XULWin_vs80.vcproj", "{BC9D86F7-C8B7-4B5A-9B01-C6FA5A2BBD30}"
EndProject
Project("{8BC9CEB8-8B4A-11D0-8D11-00A0C91BC942}") = "XULWinTetris", "XULWinTetris\XULWinTetris_vs80.vcproj", "{0E7A8443-505F-4404-889D-35D7E4F0649A}"
EndProject
Project("{8BC9CEB8-8B4A-11D0-8D11-00A0C91BC942}") = "XULWinTetrisTest", "XULWinTetrisTest\XULWinTetrisTest_vs80.vcproj", "{A6BBC621-2204-4F5B-B530-359FC163ACD2}"
	ProjectSection(ProjectDependencies) = postProject
		{BC9D86F7-C8B7-4B5A-9B01-C6FA5A2BBD30} = {BC9D86F7-C8B7-4B5A-9B01-C6FA5A2BBD30}
		{D48D2D72-C7E3-49B1-87BD-6DF2E4D80E21} = {D48D2D72-C7E3-49B1-87BD-6DF2E4D80E21}
		{138BB448-808A-4FE5-A66D-78D1F8770F59} = {138BB448-808A-4FE5-A66D-78D1F8770F59}
		{0E7A8443-505F-4404-889D-35D7E4F0649A} = {0E7A8443-505F-4404-889D-35D7E4F0649A}
		{9E211743-85FE-4977-82F3-4F04B40C912D} = {9E211743-85FE-4977-82F3-4F04B40C912D}
		{EBBA3339-F507-4834-90DC-73B021DAA199} = {EBBA3339-F507-4834-90DC-73B021DAA199}
		{8164D41D-B053-405B-826C-CF37AC0EF176} = {8164D41D-B053-405B-826C-CF37AC0EF176}
	EndProjectSection
EndProject
Project("{8BC9CEB8-8B4A-11D0-8D11-00A0C91BC942}") = "TetrisTestSuite", "Tetris\testsuite\TetrisTestSuite_vs80.vcproj", "{D48D2D72-C7E3-49B1-87BD-6DF2E4D80E21}"
	ProjectSection(ProjectDependencies) = postProject
		{8164D41D-B053-405B-826C-CF37AC0EF176} = {8164D41D-B053-405B-826C-CF37AC0EF176}
		{EBBA3339-F507-4834-90DC-73B021DAA199} = {EBBA3339-F507-4834-90DC-73B021DAA199}
		{9E211743-85FE-4977-82F3-4F04B40C912D} = {9E211743-85FE-4977-82F3-4F04B40C912D}
		{138BB448-808A-4FE5-A66D-78D1F8770F59} = {138BB448-808A-4FE5-A66D-78D1F8770F59}
	EndProjectSection
EndProject
Project("{8BC9CEB8-8B4A-11D0-8D11-00A0C91BC942}") = "CppUnit", "3rdParty\Poco_1_3_6_p2\CppUnit\CppUnit_vs80.vcproj", "{138BB448-808A-4FE5-A66D-78D1F8770F59}"
EndProject
Global
	GlobalSection(SolutionConfigurationPlatforms) = preSolution
		Debug|Win32 = Debug|Win32
		Release|Win32 = Release|Win32
	EndGlobalSection
	GlobalSection(ProjectConfigurationPlatforms) = postSolution
		{EBBA3339-F507-4834-90DC-73B021DAA199}.Debug|Win32.ActiveCfg = Debug|Win32
		{EBBA3339-F507-4834-90DC-73B021DAA199}.Debug|Win32.Build.0 = Debug|Win32
		{EBBA3339-F507-4834-90DC-73B021DAA199}.Release|Win32.ActiveCfg = Release|Win32
		{EBBA3339-F507-4834-90DC-73B021DAA199}.Release|Win32.Build.0 = Release|Win32
		{9E211743-85FE-4977-82F3-4F04B40C912D}.Debug|Win32.ActiveCfg = Debug|Win32
		{9E211743-85FE-4977-82F3-4F04B40C912D}.Debug|Win32.Build.0 = Debug|Win32
		{9E211743-85FE-4977-82F3-4F04B40C912D}.Release|Win32.ActiveCfg = Release|Win32
		{9E211743-85FE-4977-82F3-4F04B40C912D}.Release|Win32.Build.0 = Release|Win32
		{8164D41D-B053-405B-826C-CF37AC0EF176}.Debug|Win32.ActiveCfg = Debug|Win32
		{8164D41D-B053-405B-826C-CF37AC0EF176}.Debug|Win32.Build.0 = Debug|Win32
		{8164D41D-B053-405B-826C-CF37AC0EF176}.Release|Win32.ActiveCfg = Release|Win32
		{8164D41D-B053-405B-826C-CF37AC0EF176}.Release|Win32.Build.0 = Release|Win32
		{BC9D86F7-C8B7-4B5A-9B01-C6FA5A2BBD30}.Debug|Win32.ActiveCfg = Debug|Win32
		{BC9D86F7-C8B7-4B5A-9B01-C6FA5A2BBD30}.Debug|Win32.Build.0 = Debug|Win32
		{BC9D86F7-C8B7-4B5A-9B01-C6FA5A2BBD30}.Release|Win32.ActiveCfg = Release|Win32
		{BC9D86F7-C8B7-4B5A-9B01-C6FA5A2BBD30}.Release|Win32.Build.0 = Release|Win32
		{0E7A8443-505F-4404-889D-35D7E4F0649A}.Debug|Win32.ActiveCfg = Debug|Win32
		{0E7A8443-505F-4404-889D-35D7E4F0649A}.Debug|Win32.Build.0 = Debug|Win32
		{0E7A8443-505F-4404-889D-35D7E4F0649A}.Release|Win32.ActiveCfg = Release|Win32
		{0E7A8443-505F-4404-889D-35D7E4F0649A}.Release|Win32.Build.0 = Release|Win32
		{A6BBC621-2204-4F5B-B530-359FC163ACD2}.Debug|Win32.ActiveCfg = Debug|Win32
		{A6BBC621-2204-4F5B-B530-359FC163ACD2}.Debug|Win32.Build.0 = Debug|Win32
		{A6BBC621-2204-4F5B-B530-359FC163ACD2}.Release|Win32.ActiveCfg = Release|Win32
		{A6BBC621-2204-4F5B-B530-359FC163ACD2}.Release|Win32.Build.0 = Release|Win32
		{D48D2D72-C7E3-49B1-87BD-6DF2E4D80E21}.Debug|Win32.ActiveCfg = Debug|Win32
		{D48D2D72-C7E3-49B1-87BD-6DF2E4D80E21}.Debug|Win32.Build.0 = Debug|Win32
		{D48D2D72-C7E3-49B1-87BD-6DF2E4D80E21}.Release|Win32.ActiveCfg = Release|Win32
		{D48D2D72-C7E3-49B1-87BD-6DF2E4D80E21}.Release|Win32.Build.0 = Release|Win32
		{138BB448-808A-4FE5-A66D-78D1F8770F59}.Debug|Win32.ActiveCfg = Debug|Win32
		{138BB448-808A-4FE5-A66D-78D1F8770F59}.Debug|Win32.Build.0 = Debug|Win32
		{138BB448-808A-4FE5-A66D-78D1F8770F59}.Release|Win32.ActiveCfg = Release|Win32
		{138BB448-808A-4FE5-A66D-78D1F8770F59}.Release|Win32.Build.0 = Release|Win32
	EndGlobalSection
	GlobalSection(SolutionProperties) = preSolution
		HideSolutionNode = FALSE
	EndGlobalSection
EndGlobal
