
Microsoft Visual Studio Solution File, Format Version 9.00
# Visual Studio 2005
Project("{8BC9CEB8-8B4A-11D0-8D11-00A0C91BC942}") = "Tetris", "Tetris\Tetris_vs80.vcproj", "{EBBA3339-F507-4834-90DC-73B021DAA199}"
EndProject
Project("{8BC9CEB8-8B4A-11D0-8D11-00A0C91BC942}") = "TetrisTestSuite", "Tetris\testsuite\TetrisTestSuite_vs80.vcproj", "{D48D2D72-C7E3-49B1-87BD-6DF2E4D80E21}"
EndProject
Project("{8BC9CEB8-8B4A-11D0-8D11-00A0C91BC942}") = "PocoXML", "3rdParty\Poco\XML\XML_vs80.vcproj", "{9E211743-85FE-4977-82F3-4F04B40C912D}"
EndProject
Global
	GlobalSection(SolutionConfigurationPlatforms) = preSolution
		Debug|Win32 = Debug|Win32
		Release|Win32 = Release|Win32
	EndGlobalSection
	GlobalSection(ProjectConfigurationPlatforms) = postSolution
		{EBBA3339-F507-4834-90DC-73B021DAA199}.Debug|Win32.ActiveCfg = Debug|Win32
		{EBBA3339-F507-4834-90DC-73B021DAA199}.Debug|Win32.Build.0 = Debug|Win32
		{EBBA3339-F507-4834-90DC-73B021DAA199}.Release|Win32.ActiveCfg = Release|Win32
		{EBBA3339-F507-4834-90DC-73B021DAA199}.Release|Win32.Build.0 = Release|Win32
		{D48D2D72-C7E3-49B1-87BD-6DF2E4D80E21}.Debug|Win32.ActiveCfg = Debug|Win32
		{D48D2D72-C7E3-49B1-87BD-6DF2E4D80E21}.Debug|Win32.Build.0 = Debug|Win32
		{D48D2D72-C7E3-49B1-87BD-6DF2E4D80E21}.Release|Win32.ActiveCfg = Release|Win32
		{D48D2D72-C7E3-49B1-87BD-6DF2E4D80E21}.Release|Win32.Build.0 = Release|Win32
		{9E211743-85FE-4977-82F3-4F04B40C912D}.Debug|Win32.ActiveCfg = Debug|Win32
		{9E211743-85FE-4977-82F3-4F04B40C912D}.Debug|Win32.Build.0 = Debug|Win32
		{9E211743-85FE-4977-82F3-4F04B40C912D}.Release|Win32.ActiveCfg = Release|Win32
		{9E211743-85FE-4977-82F3-4F04B40C912D}.Release|Win32.Build.0 = Release|Win32
	EndGlobalSection
	GlobalSection(SolutionProperties) = preSolution
		HideSolutionNode = FALSE
	EndGlobalSection
EndGlobal
