<?xml version="1.0" encoding="utf-8"?>
<Project ToolsVersion="4.0" xmlns="http://schemas.microsoft.com/developer/msbuild/2003">
  <ItemGroup>
    <None Include="Todo.txt" />
  </ItemGroup>
  <ItemGroup>
    <Filter Include="Header Files">
      <UniqueIdentifier>{ed70eaac-0166-475d-b373-54dc213ef00d}</UniqueIdentifier>
    </Filter>
    <Filter Include="Source Files">
      <UniqueIdentifier>{75f8bbf0-da8e-4d59-a707-5f0b7b66423c}</UniqueIdentifier>
    </Filter>
  </ItemGroup>
  <ItemGroup>
    <ClInclude Include="include\Tetris\Evaluator.h">
      <Filter>Header Files</Filter>
    </ClInclude>
    <ClInclude Include="include\Tetris\ForwardDeclarations.h">
      <Filter>Header Files</Filter>
    </ClInclude>
    <ClInclude Include="include\Tetris\Game.h">
      <Filter>Header Files</Filter>
    </ClInclude>
    <ClInclude Include="include\Tetris\GameOver.h">
      <Filter>Header Files</Filter>
    </ClInclude>
    <ClInclude Include="include\Tetris\GameState.h">
      <Filter>Header Files</Filter>
    </ClInclude>
    <ClInclude Include="include\Tetris\GameStateComparator.h">
      <Filter>Header Files</Filter>
    </ClInclude>
    <ClInclude Include="include\Tetris\GameStateNode.h">
      <Filter>Header Files</Filter>
    </ClInclude>
    <ClInclude Include="include\Tetris\GameStateStats.h">
      <Filter>Header Files</Filter>
    </ClInclude>
    <ClInclude Include="include\Tetris\GenericGrid.h">
      <Filter>Header Files</Filter>
    </ClInclude>
    <ClInclude Include="include\Tetris\Gravity.h">
      <Filter>Header Files</Filter>
    </ClInclude>
    <ClInclude Include="include\Tetris\Grid.h">
      <Filter>Header Files</Filter>
    </ClInclude>
    <ClInclude Include="include\Tetris\Logger.h">
      <Filter>Header Files</Filter>
    </ClInclude>
    <ClInclude Include="include\Tetris\Logging.h">
      <Filter>Header Files</Filter>
    </ClInclude>
    <ClInclude Include="include\Tetris\MainThread.h">
      <Filter>Header Files</Filter>
    </ClInclude>
    <ClInclude Include="include\Tetris\MainThreadImpl.h">
      <Filter>Header Files</Filter>
    </ClInclude>
    <ClInclude Include="include\Tetris\MakeString.h">
      <Filter>Header Files</Filter>
    </ClInclude>
    <ClInclude Include="include\Tetris\MultiplayerGame.h">
      <Filter>Header Files</Filter>
    </ClInclude>
    <ClInclude Include="include\Tetris\MultithreadedNodeCalculator.h">
      <Filter>Header Files</Filter>
    </ClInclude>
    <ClInclude Include="include\Tetris\NodeCalculator.h">
      <Filter>Header Files</Filter>
    </ClInclude>
    <ClInclude Include="include\Tetris\NodeCalculatorImpl.h">
      <Filter>Header Files</Filter>
    </ClInclude>
    <ClInclude Include="include\Tetris\NodePtr.h">
      <Filter>Header Files</Filter>
    </ClInclude>
    <ClInclude Include="include\Tetris\Player.h">
      <Filter>Header Files</Filter>
    </ClInclude>
    <ClInclude Include="include\Tetris\PlayerType.h">
      <Filter>Header Files</Filter>
    </ClInclude>
    <ClInclude Include="include\Tetris\SimpleGame.h">
      <Filter>Header Files</Filter>
    </ClInclude>
    <ClInclude Include="include\Tetris\SingleThreadedNodeCalculator.h">
      <Filter>Header Files</Filter>
    </ClInclude>
    <ClInclude Include="include\Tetris\Tetris.h">
      <Filter>Header Files</Filter>
    </ClInclude>
    <ClInclude Include="include\Tetris\Threading.h">
      <Filter>Header Files</Filter>
    </ClInclude>
    <ClInclude Include="include\Tetris\TypedWrapper.h">
      <Filter>Header Files</Filter>
    </ClInclude>
    <ClInclude Include="include\Tetris\Unicode.h">
      <Filter>Header Files</Filter>
    </ClInclude>
    <ClInclude Include="include\Tetris\Utilities.h">
      <Filter>Header Files</Filter>
    </ClInclude>
    <ClInclude Include="include\Tetris\Worker.h">
      <Filter>Header Files</Filter>
    </ClInclude>
    <ClInclude Include="include\Tetris\WorkerPool.h">
      <Filter>Header Files</Filter>
    </ClInclude>
    <ClInclude Include="include\Tetris\AbstractWidget.h">
      <Filter>Header Files</Filter>
    </ClInclude>
    <ClInclude Include="include\Tetris\AISupport.h">
      <Filter>Header Files</Filter>
    </ClInclude>
    <ClInclude Include="include\Tetris\Array.h">
      <Filter>Header Files</Filter>
    </ClInclude>
    <ClInclude Include="include\Tetris\Assert.h">
      <Filter>Header Files</Filter>
    </ClInclude>
    <ClInclude Include="include\Tetris\AutoPtrSupport.h">
      <Filter>Header Files</Filter>
    </ClInclude>
    <ClInclude Include="include\Tetris\Block.h">
      <Filter>Header Files</Filter>
    </ClInclude>
    <ClInclude Include="include\Tetris\BlockFactory.h">
      <Filter>Header Files</Filter>
    </ClInclude>
    <ClInclude Include="include\Tetris\BlockMover.h">
      <Filter>Header Files</Filter>
    </ClInclude>
    <ClInclude Include="include\Tetris\BlockType.h">
      <Filter>Header Files</Filter>
    </ClInclude>
    <ClInclude Include="include\Tetris\BlockTypes.h">
      <Filter>Header Files</Filter>
    </ClInclude>
    <ClInclude Include="include\Tetris\ComputerPlayer.h">
      <Filter>Header Files</Filter>
    </ClInclude>
    <ClInclude Include="include\Tetris\Config.h">
      <Filter>Header Files</Filter>
    </ClInclude>
    <ClInclude Include="include\Tetris\Direction.h">
      <Filter>Header Files</Filter>
    </ClInclude>
  </ItemGroup>
  <ItemGroup>
    <ClCompile Include="src\AbstractWidget.cpp">
      <Filter>Source Files</Filter>
    </ClCompile>
    <ClCompile Include="src\AISupport.cpp">
      <Filter>Source Files</Filter>
    </ClCompile>
    <ClCompile Include="src\Block.cpp">
      <Filter>Source Files</Filter>
    </ClCompile>
    <ClCompile Include="src\BlockFactory.cpp">
      <Filter>Source Files</Filter>
    </ClCompile>
    <ClCompile Include="src\BlockMover.cpp">
      <Filter>Source Files</Filter>
    </ClCompile>
    <ClCompile Include="src\BlockType.cpp">
      <Filter>Source Files</Filter>
    </ClCompile>
    <ClCompile Include="src\ComputerPlayer.cpp">
      <Filter>Source Files</Filter>
    </ClCompile>
    <ClCompile Include="src\Evaluator.cpp">
      <Filter>Source Files</Filter>
    </ClCompile>
    <ClCompile Include="src\Game.cpp">
      <Filter>Source Files</Filter>
    </ClCompile>
    <ClCompile Include="src\GameState.cpp">
      <Filter>Source Files</Filter>
    </ClCompile>
    <ClCompile Include="src\GameStateComparator.cpp">
      <Filter>Source Files</Filter>
    </ClCompile>
    <ClCompile Include="src\GameStateNode.cpp">
      <Filter>Source Files</Filter>
    </ClCompile>
    <ClCompile Include="src\Gravity.cpp">
      <Filter>Source Files</Filter>
    </ClCompile>
    <ClCompile Include="src\Logger.cpp">
      <Filter>Source Files</Filter>
    </ClCompile>
    <ClCompile Include="src\Logging.cpp">
      <Filter>Source Files</Filter>
    </ClCompile>
    <ClCompile Include="src\MainThread.cpp">
      <Filter>Source Files</Filter>
    </ClCompile>
    <ClCompile Include="src\MultiplayerGame.cpp">
      <Filter>Source Files</Filter>
    </ClCompile>
    <ClCompile Include="src\MultiThreadedNodeCalculator.cpp">
      <Filter>Source Files</Filter>
    </ClCompile>
    <ClCompile Include="src\NodeCalculator.cpp">
      <Filter>Source Files</Filter>
    </ClCompile>
    <ClCompile Include="src\NodeCalculatorImpl.cpp">
      <Filter>Source Files</Filter>
    </ClCompile>
    <ClCompile Include="src\Player.cpp">
      <Filter>Source Files</Filter>
    </ClCompile>
    <ClCompile Include="src\SimpleGame.cpp">
      <Filter>Source Files</Filter>
    </ClCompile>
    <ClCompile Include="src\SingleThreadedNodeCalculator.cpp">
      <Filter>Source Files</Filter>
    </ClCompile>
    <ClCompile Include="src\Threading.cpp">
      <Filter>Source Files</Filter>
    </ClCompile>
    <ClCompile Include="src\Unicode.cpp">
      <Filter>Source Files</Filter>
    </ClCompile>
    <ClCompile Include="src\Worker.cpp">
      <Filter>Source Files</Filter>
    </ClCompile>
    <ClCompile Include="src\WorkerPool.cpp">
      <Filter>Source Files</Filter>
    </ClCompile>
  </ItemGroup>
</Project>
